
Microsoft Visual Studio Solution File, Format Version 12.00
# Visual Studio Version 16
VisualStudioVersion = 16.0.30104.148
MinimumVisualStudioVersion = 10.0.40219.1
Project("{FAE04EC0-301F-11D3-BF4B-00C04F79EFBC}") = "Paper Stuff", "Paper Stuff\Paper Stuff.csproj", "{EE4913D6-C0C6-4534-9323-1F709835A53F}"
EndProject
Global
	GlobalSection(SolutionConfigurationPlatforms) = preSolution
		Debug|Any CPU = Debug|Any CPU
		Release|Any CPU = Release|Any CPU
	EndGlobalSection
	GlobalSection(ProjectConfigurationPlatforms) = postSolution
		{EE4913D6-C0C6-4534-9323-1F709835A53F}.Debug|Any CPU.ActiveCfg = Debug|Any CPU
		{EE4913D6-C0C6-4534-9323-1F709835A53F}.Debug|Any CPU.Build.0 = Debug|Any CPU
		{EE4913D6-C0C6-4534-9323-1F709835A53F}.Release|Any CPU.ActiveCfg = Release|Any CPU
		{EE4913D6-C0C6-4534-9323-1F709835A53F}.Release|Any CPU.Build.0 = Release|Any CPU
	EndGlobalSection
	GlobalSection(SolutionProperties) = preSolution
		HideSolutionNode = FALSE
	EndGlobalSection
	GlobalSection(ExtensibilityGlobals) = postSolution
		SolutionGuid = {8956ED70-8223-46AF-86B4-FBBB35509B3C}
	EndGlobalSection
EndGlobal
